// !$*UTF8*$!
{
	archiveVersion = 1;
	classes = {
	};
	objectVersion = 56;
	objects = {

/* Begin PBXBuildFile section */
		E15221572C116EEB00B7FE70 /* ModernNavigationApp.swift in Sources */ = {isa = PBXBuildFile; fileRef = E15221562C116EEB00B7FE70 /* ModernNavigationApp.swift */; };
		E15221592C116EEB00B7FE70 /* ContentView.swift in Sources */ = {isa = PBXBuildFile; fileRef = E15221582C116EEB00B7FE70 /* ContentView.swift */; };
		E152215B2C116EEC00B7FE70 /* Assets.xcassets in Resources */ = {isa = PBXBuildFile; fileRef = E152215A2C116EEC00B7FE70 /* Assets.xcassets */; };
		E152215E2C116EEC00B7FE70 /* Preview Assets.xcassets in Resources */ = {isa = PBXBuildFile; fileRef = E152215D2C116EEC00B7FE70 /* Preview Assets.xcassets */; };
		E15221652C11931300B7FE70 /* Category.swift in Sources */ = {isa = PBXBuildFile; fileRef = E15221642C11931300B7FE70 /* Category.swift */; };
		E15221672C11949D00B7FE70 /* Food.swift in Sources */ = {isa = PBXBuildFile; fileRef = E15221662C11949D00B7FE70 /* Food.swift */; };
		E17F09092C16E90900C1E213 /* Storage.swift in Sources */ = {isa = PBXBuildFile; fileRef = E17F09082C16E90900C1E213 /* Storage.swift */; };
		E17F090B2C16EC7300C1E213 /* Navigation.swift in Sources */ = {isa = PBXBuildFile; fileRef = E17F090A2C16EC7300C1E213 /* Navigation.swift */; };
		E17F090D2C16ED6100C1E213 /* CategoryView.swift in Sources */ = {isa = PBXBuildFile; fileRef = E17F090C2C16ED6100C1E213 /* CategoryView.swift */; };
		E17F090F2C1722FC00C1E213 /* FoodRowView.swift in Sources */ = {isa = PBXBuildFile; fileRef = E17F090E2C1722FC00C1E213 /* FoodRowView.swift */; };
		E17F09112C1724DD00C1E213 /* FoodView.swift in Sources */ = {isa = PBXBuildFile; fileRef = E17F09102C1724DD00C1E213 /* FoodView.swift */; };
		E1B766372C19A5A3001750B1 /* FoodCategoryView.swift in Sources */ = {isa = PBXBuildFile; fileRef = E1B766362C19A5A3001750B1 /* FoodCategoryView.swift */; };
/* End PBXBuildFile section */

/* Begin PBXFileReference section */
		E15221532C116EEB00B7FE70 /* ModernNavigation.app */ = {isa = PBXFileReference; explicitFileType = wrapper.application; includeInIndex = 0; path = ModernNavigation.app; sourceTree = BUILT_PRODUCTS_DIR; };
		E15221562C116EEB00B7FE70 /* ModernNavigationApp.swift */ = {isa = PBXFileReference; lastKnownFileType = sourcecode.swift; path = ModernNavigationApp.swift; sourceTree = "<group>"; };
		E15221582C116EEB00B7FE70 /* ContentView.swift */ = {isa = PBXFileReference; lastKnownFileType = sourcecode.swift; path = ContentView.swift; sourceTree = "<group>"; };
		E152215A2C116EEC00B7FE70 /* Assets.xcassets */ = {isa = PBXFileReference; lastKnownFileType = folder.assetcatalog; path = Assets.xcassets; sourceTree = "<group>"; };
		E152215D2C116EEC00B7FE70 /* Preview Assets.xcassets */ = {isa = PBXFileReference; lastKnownFileType = folder.assetcatalog; path = "Preview Assets.xcassets"; sourceTree = "<group>"; };
		E15221642C11931300B7FE70 /* Category.swift */ = {isa = PBXFileReference; lastKnownFileType = sourcecode.swift; path = Category.swift; sourceTree = "<group>"; };
		E15221662C11949D00B7FE70 /* Food.swift */ = {isa = PBXFileReference; lastKnownFileType = sourcecode.swift; path = Food.swift; sourceTree = "<group>"; };
		E17F09082C16E90900C1E213 /* Storage.swift */ = {isa = PBXFileReference; lastKnownFileType = sourcecode.swift; path = Storage.swift; sourceTree = "<group>"; };
		E17F090A2C16EC7300C1E213 /* Navigation.swift */ = {isa = PBXFileReference; lastKnownFileType = sourcecode.swift; path = Navigation.swift; sourceTree = "<group>"; };
		E17F090C2C16ED6100C1E213 /* CategoryView.swift */ = {isa = PBXFileReference; lastKnownFileType = sourcecode.swift; path = CategoryView.swift; sourceTree = "<group>"; };
		E17F090E2C1722FC00C1E213 /* FoodRowView.swift */ = {isa = PBXFileReference; lastKnownFileType = sourcecode.swift; path = FoodRowView.swift; sourceTree = "<group>"; };
		E17F09102C1724DD00C1E213 /* FoodView.swift */ = {isa = PBXFileReference; lastKnownFileType = sourcecode.swift; path = FoodView.swift; sourceTree = "<group>"; };
		E1B766362C19A5A3001750B1 /* FoodCategoryView.swift */ = {isa = PBXFileReference; lastKnownFileType = sourcecode.swift; path = FoodCategoryView.swift; sourceTree = "<group>"; };
/* End PBXFileReference section */

/* Begin PBXFrameworksBuildPhase section */
		E15221502C116EEB00B7FE70 /* Frameworks */ = {
			isa = PBXFrameworksBuildPhase;
			buildActionMask = 2147483647;
			files = (
			);
			runOnlyForDeploymentPostprocessing = 0;
		};
/* End PBXFrameworksBuildPhase section */

/* Begin PBXGroup section */
		E152214A2C116EEB00B7FE70 = {
			isa = PBXGroup;
			children = (
				E15221552C116EEB00B7FE70 /* ModernNavigation */,
				E15221542C116EEB00B7FE70 /* Products */,
			);
			sourceTree = "<group>";
		};
		E15221542C116EEB00B7FE70 /* Products */ = {
			isa = PBXGroup;
			children = (
				E15221532C116EEB00B7FE70 /* ModernNavigation.app */,
			);
			name = Products;
			sourceTree = "<group>";
		};
		E15221552C116EEB00B7FE70 /* ModernNavigation */ = {
			isa = PBXGroup;
			children = (
				E15221562C116EEB00B7FE70 /* ModernNavigationApp.swift */,
				E15221582C116EEB00B7FE70 /* ContentView.swift */,
				E152215A2C116EEC00B7FE70 /* Assets.xcassets */,
				E152215C2C116EEC00B7FE70 /* Preview Content */,
				E15221642C11931300B7FE70 /* Category.swift */,
				E15221662C11949D00B7FE70 /* Food.swift */,
				E17F09082C16E90900C1E213 /* Storage.swift */,
				E17F090A2C16EC7300C1E213 /* Navigation.swift */,
				E17F090C2C16ED6100C1E213 /* CategoryView.swift */,
				E17F090E2C1722FC00C1E213 /* FoodRowView.swift */,
				E17F09102C1724DD00C1E213 /* FoodView.swift */,
				E1B766362C19A5A3001750B1 /* FoodCategoryView.swift */,
			);
			path = ModernNavigation;
			sourceTree = "<group>";
		};
		E152215C2C116EEC00B7FE70 /* Preview Content */ = {
			isa = PBXGroup;
			children = (
				E152215D2C116EEC00B7FE70 /* Preview Assets.xcassets */,
			);
			path = "Preview Content";
			sourceTree = "<group>";
		};
/* End PBXGroup section */

/* Begin PBXNativeTarget section */
		E15221522C116EEB00B7FE70 /* ModernNavigation */ = {
			isa = PBXNativeTarget;
			buildConfigurationList = E15221612C116EEC00B7FE70 /* Build configuration list for PBXNativeTarget "ModernNavigation" */;
			buildPhases = (
				E152214F2C116EEB00B7FE70 /* Sources */,
				E15221502C116EEB00B7FE70 /* Frameworks */,
				E15221512C116EEB00B7FE70 /* Resources */,
			);
			buildRules = (
			);
			dependencies = (
			);
			name = ModernNavigation;
			productName = ModernNavigation;
			productReference = E15221532C116EEB00B7FE70 /* ModernNavigation.app */;
			productType = "com.apple.product-type.application";
		};
/* End PBXNativeTarget section */

/* Begin PBXProject section */
		E152214B2C116EEB00B7FE70 /* Project object */ = {
			isa = PBXProject;
			attributes = {
				BuildIndependentTargetsInParallel = 1;
				LastSwiftUpdateCheck = 1540;
				LastUpgradeCheck = 1540;
				TargetAttributes = {
					E15221522C116EEB00B7FE70 = {
						CreatedOnToolsVersion = 15.4;
					};
				};
			};
			buildConfigurationList = E152214E2C116EEB00B7FE70 /* Build configuration list for PBXProject "ModernNavigation" */;
			compatibilityVersion = "Xcode 14.0";
			developmentRegion = en;
			hasScannedForEncodings = 0;
			knownRegions = (
				en,
				Base,
			);
			mainGroup = E152214A2C116EEB00B7FE70;
			productRefGroup = E15221542C116EEB00B7FE70 /* Products */;
			projectDirPath = "";
			projectRoot = "";
			targets = (
				E15221522C116EEB00B7FE70 /* ModernNavigation */,
			);
		};
/* End PBXProject section */

/* Begin PBXResourcesBuildPhase section */
		E15221512C116EEB00B7FE70 /* Resources */ = {
			isa = PBXResourcesBuildPhase;
			buildActionMask = 2147483647;
			files = (
				E152215E2C116EEC00B7FE70 /* Preview Assets.xcassets in Resources */,
				E152215B2C116EEC00B7FE70 /* Assets.xcassets in Resources */,
			);
			runOnlyForDeploymentPostprocessing = 0;
		};
/* End PBXResourcesBuildPhase section */

/* Begin PBXSourcesBuildPhase section */
		E152214F2C116EEB00B7FE70 /* Sources */ = {
			isa = PBXSourcesBuildPhase;
			buildActionMask = 2147483647;
			files = (
				E17F09112C1724DD00C1E213 /* FoodView.swift in Sources */,
				E15221592C116EEB00B7FE70 /* ContentView.swift in Sources */,
				E1B766372C19A5A3001750B1 /* FoodCategoryView.swift in Sources */,
				E17F090D2C16ED6100C1E213 /* CategoryView.swift in Sources */,
				E15221672C11949D00B7FE70 /* Food.swift in Sources */,
				E15221572C116EEB00B7FE70 /* ModernNavigationApp.swift in Sources */,
				E17F090B2C16EC7300C1E213 /* Navigation.swift in Sources */,
				E15221652C11931300B7FE70 /* Category.swift in Sources */,
				E17F09092C16E90900C1E213 /* Storage.swift in Sources */,
				E17F090F2C1722FC00C1E213 /* FoodRowView.swift in Sources */,
			);
			runOnlyForDeploymentPostprocessing = 0;
		};
/* End PBXSourcesBuildPhase section */

/* Begin XCBuildConfiguration section */
		E152215F2C116EEC00B7FE70 /* Debug */ = {
			isa = XCBuildConfiguration;
			buildSettings = {
				ALWAYS_SEARCH_USER_PATHS = NO;
				ASSETCATALOG_COMPILER_GENERATE_SWIFT_ASSET_SYMBOL_EXTENSIONS = YES;
				CLANG_ANALYZER_NONNULL = YES;
				CLANG_ANALYZER_NUMBER_OBJECT_CONVERSION = YES_AGGRESSIVE;
				CLANG_CXX_LANGUAGE_STANDARD = "gnu++20";
				CLANG_ENABLE_MODULES = YES;
				CLANG_ENABLE_OBJC_ARC = YES;
				CLANG_ENABLE_OBJC_WEAK = YES;
				CLANG_WARN_BLOCK_CAPTURE_AUTORELEASING = YES;
				CLANG_WARN_BOOL_CONVERSION = YES;
				CLANG_WARN_COMMA = YES;
				CLANG_WARN_CONSTANT_CONVERSION = YES;
				CLANG_WARN_DEPRECATED_OBJC_IMPLEMENTATIONS = YES;
				CLANG_WARN_DIRECT_OBJC_ISA_USAGE = YES_ERROR;
				CLANG_WARN_DOCUMENTATION_COMMENTS = YES;
				CLANG_WARN_EMPTY_BODY = YES;
				CLANG_WARN_ENUM_CONVERSION = YES;
				CLANG_WARN_INFINITE_RECURSION = YES;
				CLANG_WARN_INT_CONVERSION = YES;
				CLANG_WARN_NON_LITERAL_NULL_CONVERSION = YES;
				CLANG_WARN_OBJC_IMPLICIT_RETAIN_SELF = YES;
				CLANG_WARN_OBJC_LITERAL_CONVERSION = YES;
				CLANG_WARN_OBJC_ROOT_CLASS = YES_ERROR;
				CLANG_WARN_QUOTED_INCLUDE_IN_FRAMEWORK_HEADER = YES;
				CLANG_WARN_RANGE_LOOP_ANALYSIS = YES;
				CLANG_WARN_STRICT_PROTOTYPES = YES;
				CLANG_WARN_SUSPICIOUS_MOVE = YES;
				CLANG_WARN_UNGUARDED_AVAILABILITY = YES_AGGRESSIVE;
				CLANG_WARN_UNREACHABLE_CODE = YES;
				CLANG_WARN__DUPLICATE_METHOD_MATCH = YES;
				COPY_PHASE_STRIP = NO;
				DEBUG_INFORMATION_FORMAT = dwarf;
				ENABLE_STRICT_OBJC_MSGSEND = YES;
				ENABLE_TESTABILITY = YES;
				ENABLE_USER_SCRIPT_SANDBOXING = YES;
				GCC_C_LANGUAGE_STANDARD = gnu17;
				GCC_DYNAMIC_NO_PIC = NO;
				GCC_NO_COMMON_BLOCKS = YES;
				GCC_OPTIMIZATION_LEVEL = 0;
				GCC_PREPROCESSOR_DEFINITIONS = (
					"DEBUG=1",
					"$(inherited)",
				);
				GCC_WARN_64_TO_32_BIT_CONVERSION = YES;
				GCC_WARN_ABOUT_RETURN_TYPE = YES_ERROR;
				GCC_WARN_UNDECLARED_SELECTOR = YES;
				GCC_WARN_UNINITIALIZED_AUTOS = YES_AGGRESSIVE;
				GCC_WARN_UNUSED_FUNCTION = YES;
				GCC_WARN_UNUSED_VARIABLE = YES;
				IPHONEOS_DEPLOYMENT_TARGET = 17.5;
				LOCALIZATION_PREFERS_STRING_CATALOGS = YES;
				MTL_ENABLE_DEBUG_INFO = INCLUDE_SOURCE;
				MTL_FAST_MATH = YES;
				ONLY_ACTIVE_ARCH = YES;
				SDKROOT = iphoneos;
				SWIFT_ACTIVE_COMPILATION_CONDITIONS = "DEBUG $(inherited)";
				SWIFT_OPTIMIZATION_LEVEL = "-Onone";
			};
			name = Debug;
		};
		E15221602C116EEC00B7FE70 /* Release */ = {
			isa = XCBuildConfiguration;
			buildSettings = {
				ALWAYS_SEARCH_USER_PATHS = NO;
				ASSETCATALOG_COMPILER_GENERATE_SWIFT_ASSET_SYMBOL_EXTENSIONS = YES;
				CLANG_ANALYZER_NONNULL = YES;
				CLANG_ANALYZER_NUMBER_OBJECT_CONVERSION = YES_AGGRESSIVE;
				CLANG_CXX_LANGUAGE_STANDARD = "gnu++20";
				CLANG_ENABLE_MODULES = YES;
				CLANG_ENABLE_OBJC_ARC = YES;
				CLANG_ENABLE_OBJC_WEAK = YES;
				CLANG_WARN_BLOCK_CAPTURE_AUTORELEASING = YES;
				CLANG_WARN_BOOL_CONVERSION = YES;
				CLANG_WARN_COMMA = YES;
				CLANG_WARN_CONSTANT_CONVERSION = YES;
				CLANG_WARN_DEPRECATED_OBJC_IMPLEMENTATIONS = YES;
				CLANG_WARN_DIRECT_OBJC_ISA_USAGE = YES_ERROR;
				CLANG_WARN_DOCUMENTATION_COMMENTS = YES;
				CLANG_WARN_EMPTY_BODY = YES;
				CLANG_WARN_ENUM_CONVERSION = YES;
				CLANG_WARN_INFINITE_RECURSION = YES;
				CLANG_WARN_INT_CONVERSION = YES;
				CLANG_WARN_NON_LITERAL_NULL_CONVERSION = YES;
				CLANG_WARN_OBJC_IMPLICIT_RETAIN_SELF = YES;
				CLANG_WARN_OBJC_LITERAL_CONVERSION = YES;
				CLANG_WARN_OBJC_ROOT_CLASS = YES_ERROR;
				CLANG_WARN_QUOTED_INCLUDE_IN_FRAMEWORK_HEADER = YES;
				CLANG_WARN_RANGE_LOOP_ANALYSIS = YES;
				CLANG_WARN_STRICT_PROTOTYPES = YES;
				CLANG_WARN_SUSPICIOUS_MOVE = YES;
				CLANG_WARN_UNGUARDED_AVAILABILITY = YES_AGGRESSIVE;
				CLANG_WARN_UNREACHABLE_CODE = YES;
				CLANG_WARN__DUPLICATE_METHOD_MATCH = YES;
				COPY_PHASE_STRIP = NO;
				DEBUG_INFORMATION_FORMAT = "dwarf-with-dsym";
				ENABLE_NS_ASSERTIONS = NO;
				ENABLE_STRICT_OBJC_MSGSEND = YES;
				ENABLE_USER_SCRIPT_SANDBOXING = YES;
				GCC_C_LANGUAGE_STANDARD = gnu17;
				GCC_NO_COMMON_BLOCKS = YES;
				GCC_WARN_64_TO_32_BIT_CONVERSION = YES;
				GCC_WARN_ABOUT_RETURN_TYPE = YES_ERROR;
				GCC_WARN_UNDECLARED_SELECTOR = YES;
				GCC_WARN_UNINITIALIZED_AUTOS = YES_AGGRESSIVE;
				GCC_WARN_UNUSED_FUNCTION = YES;
				GCC_WARN_UNUSED_VARIABLE = YES;
				IPHONEOS_DEPLOYMENT_TARGET = 17.5;
				LOCALIZATION_PREFERS_STRING_CATALOGS = YES;
				MTL_ENABLE_DEBUG_INFO = NO;
				MTL_FAST_MATH = YES;
				SDKROOT = iphoneos;
				SWIFT_COMPILATION_MODE = wholemodule;
				VALIDATE_PRODUCT = YES;
			};
			name = Release;
		};
		E15221622C116EEC00B7FE70 /* Debug */ = {
			isa = XCBuildConfiguration;
			buildSettings = {
				ASSETCATALOG_COMPILER_APPICON_NAME = AppIcon;
				ASSETCATALOG_COMPILER_GLOBAL_ACCENT_COLOR_NAME = AccentColor;
				CODE_SIGN_STYLE = Automatic;
				CURRENT_PROJECT_VERSION = 1;
				DEVELOPMENT_ASSET_PATHS = "\"ModernNavigation/Preview Content\"";
				ENABLE_PREVIEWS = YES;
				GENERATE_INFOPLIST_FILE = YES;
				INFOPLIST_KEY_UIApplicationSceneManifest_Generation = YES;
				INFOPLIST_KEY_UIApplicationSupportsIndirectInputEvents = YES;
				INFOPLIST_KEY_UILaunchScreen_Generation = YES;
				INFOPLIST_KEY_UISupportedInterfaceOrientations_iPad = "UIInterfaceOrientationPortrait UIInterfaceOrientationPortraitUpsideDown UIInterfaceOrientationLandscapeLeft UIInterfaceOrientationLandscapeRight";
				INFOPLIST_KEY_UISupportedInterfaceOrientations_iPhone = "UIInterfaceOrientationPortrait UIInterfaceOrientationLandscapeLeft UIInterfaceOrientationLandscapeRight";
				LD_RUNPATH_SEARCH_PATHS = (
					"$(inherited)",
					"@executable_path/Frameworks",
				);
				MARKETING_VERSION = 1.0;
				PRODUCT_BUNDLE_IDENTIFIER = cn.jiewen.ModernNavigation;
				PRODUCT_NAME = "$(TARGET_NAME)";
				SWIFT_EMIT_LOC_STRINGS = YES;
				SWIFT_VERSION = 5.0;
				TARGETED_DEVICE_FAMILY = "1,2";
			};
			name = Debug;
		};
		E15221632C116EEC00B7FE70 /* Release */ = {
			isa = XCBuildConfiguration;
			buildSettings = {
				ASSETCATALOG_COMPILER_APPICON_NAME = AppIcon;
				ASSETCATALOG_COMPILER_GLOBAL_ACCENT_COLOR_NAME = AccentColor;
				CODE_SIGN_STYLE = Automatic;
				CURRENT_PROJECT_VERSION = 1;
				DEVELOPMENT_ASSET_PATHS = "\"ModernNavigation/Preview Content\"";
				ENABLE_PREVIEWS = YES;
				GENERATE_INFOPLIST_FILE = YES;
				INFOPLIST_KEY_UIApplicationSceneManifest_Generation = YES;
				INFOPLIST_KEY_UIApplicationSupportsIndirectInputEvents = YES;
				INFOPLIST_KEY_UILaunchScreen_Generation = YES;
				INFOPLIST_KEY_UISupportedInterfaceOrientations_iPad = "UIInterfaceOrientationPortrait UIInterfaceOrientationPortraitUpsideDown UIInterfaceOrientationLandscapeLeft UIInterfaceOrientationLandscapeRight";
				INFOPLIST_KEY_UISupportedInterfaceOrientations_iPhone = "UIInterfaceOrientationPortrait UIInterfaceOrientationLandscapeLeft UIInterfaceOrientationLandscapeRight";
				LD_RUNPATH_SEARCH_PATHS = (
					"$(inherited)",
					"@executable_path/Frameworks",
				);
				MARKETING_VERSION = 1.0;
				PRODUCT_BUNDLE_IDENTIFIER = cn.jiewen.ModernNavigation;
				PRODUCT_NAME = "$(TARGET_NAME)";
				SWIFT_EMIT_LOC_STRINGS = YES;
				SWIFT_VERSION = 5.0;
				TARGETED_DEVICE_FAMILY = "1,2";
			};
			name = Release;
		};
/* End XCBuildConfiguration section */

/* Begin XCConfigurationList section */
		E152214E2C116EEB00B7FE70 /* Build configuration list for PBXProject "ModernNavigation" */ = {
			isa = XCConfigurationList;
			buildConfigurations = (
				E152215F2C116EEC00B7FE70 /* Debug */,
				E15221602C116EEC00B7FE70 /* Release */,
			);
			defaultConfigurationIsVisible = 0;
			defaultConfigurationName = Release;
		};
		E15221612C116EEC00B7FE70 /* Build configuration list for PBXNativeTarget "ModernNavigation" */ = {
			isa = XCConfigurationList;
			buildConfigurations = (
				E15221622C116EEC00B7FE70 /* Debug */,
				E15221632C116EEC00B7FE70 /* Release */,
			);
			defaultConfigurationIsVisible = 0;
			defaultConfigurationName = Release;
		};
/* End XCConfigurationList section */
	};
	rootObject = E152214B2C116EEB00B7FE70 /* Project object */;
}
